
Microsoft Visual Studio Solution File, Format Version 12.00
# Visual Studio Version 16
VisualStudioVersion = 16.0.29728.190
MinimumVisualStudioVersion = 10.0.40219.1
Project("{9A19103F-16F7-4668-BE54-9A1E7A4F7556}") = "SelfRefreshingCache", "SelfRefreshingCache.csproj", "{74069BA1-EF61-447E-BB70-776D893CC1A7}"
EndProject
Global
	GlobalSection(SolutionConfigurationPlatforms) = preSolution
		Debug|Any CPU = Debug|Any CPU
		Release|Any CPU = Release|Any CPU
	EndGlobalSection
	GlobalSection(ProjectConfigurationPlatforms) = postSolution
		{74069BA1-EF61-447E-BB70-776D893CC1A7}.Debug|Any CPU.ActiveCfg = Debug|Any CPU
		{74069BA1-EF61-447E-BB70-776D893CC1A7}.Debug|Any CPU.Build.0 = Debug|Any CPU
		{74069BA1-EF61-447E-BB70-776D893CC1A7}.Release|Any CPU.ActiveCfg = Release|Any CPU
		{74069BA1-EF61-447E-BB70-776D893CC1A7}.Release|Any CPU.Build.0 = Release|Any CPU
	EndGlobalSection
	GlobalSection(SolutionProperties) = preSolution
		HideSolutionNode = FALSE
	EndGlobalSection
	GlobalSection(ExtensibilityGlobals) = postSolution
		SolutionGuid = {C5AF2B87-DB95-44D9-A106-B4A0975189CD}
	EndGlobalSection
EndGlobal
